{
  "version": 4,
  "terraform_version": "1.5.7",
  "serial": 11,
  "lineage": "c9663d24-0c70-6910-7fe2-ac2873786d0d",
  "outputs": {
    "elasticsearch_node_ip_address": {
      "value": "164.90.196.143",
      "type": "string"
    }
  },
  "resources": [
    {
      "mode": "data",
      "type": "digitalocean_ssh_key",
      "name": "default",
      "provider": "provider[\"registry.terraform.io/digitalocean/digitalocean\"]",
      "instances": [
        {
          "schema_version": 0,
          "attributes": {
            "fingerprint": "ab:5e:b3:52:cf:4a:a9:6e:fe:05:e7:f8:bd:8a:ad:f3",
            "id": 48659756,
            "name": "stream-finder-key",
            "public_key": "ssh-rsa AAAAB3NzaC1yc2EAAAADAQABAAACAQClm98EZuYV9VkGcz585z+iG3aR2Fi4gkbrWBoBH24zPE/sRW+ZTnoBud/XxJs9Qv+O9b5KNu/BZQ0wgw7jcs690N35Z/B+SJZnsCkkT8jbatBKE4G8HhdveaLVbxNsUvQykZFbHXNypzyUkP8wN4Wot/J9N5jrGD9as88n2Tj2ggvFRpE02YJJ/yGKnanKG/rX39Uz4wpRACx3EQ1/jFCzBlGJTKNoM0rMLwogZCe6TOYygYpu1qxGp6W8ARMCeW1j/z24GCXZmn7WZWydEwSunq6L197CtPVxGLEkCZKEyjtVz8uqVeLwm+PZ9MfI1ArbkorWFANUR7vonh9ldu22kxMK3qUDU7dfCdqU9o4tGKMLjNjuEGdYvsT316Fs4tWVkMiRXtjcLYHTjWDChOnSexUhkh5sPyEpAa/kq5X1j71bIUPp/C4hW+QnwwCaXasK0kbgEIxa8tDt5tyPDNyB5vuIE1LK0yc23HcoAIpDVy7j6DU5v74jYWxGwVK5lCzC6ORGaRW3zZnuRVJ6voOKOaFTDZ+CRTEH9si9Z844JyH1pKMscQjoXabrCCa+P4dYJBct6qYiyRBRQkp8SIOa31TFs+7SBGFDRnJaaEJ/WzlZdNlGnSwc16lCz3cK+lpnM46NwulV4hrd6scnQ5oRyfquYF4DK2OtiRSpNAySIw== jonwilberg@Mac.lan"
          },
          "sensitive_attributes": []
        }
      ]
    },
    {
      "mode": "managed",
      "type": "digitalocean_droplet",
      "name": "elasticsearch_node",
      "provider": "provider[\"registry.terraform.io/digitalocean/digitalocean\"]",
      "instances": [
        {
          "schema_version": 1,
          "attributes": {
            "backup_policy": [],
            "backups": false,
            "created_at": "2025-06-21T10:21:18Z",
            "disk": 50,
            "droplet_agent": null,
            "graceful_shutdown": false,
            "id": "503531010",
            "image": "ubuntu-22-04-x64",
            "ipv4_address": "164.90.196.143",
            "ipv4_address_private": "10.110.0.2",
            "ipv6": false,
            "ipv6_address": "",
            "locked": false,
            "memory": 2048,
            "monitoring": true,
            "name": "elasticsearch-node",
            "price_hourly": 0.01786,
            "price_monthly": 12,
            "private_networking": true,
            "region": "ams3",
            "resize_disk": true,
            "size": "s-1vcpu-2gb",
            "ssh_keys": [
              "48659756"
            ],
            "status": "active",
            "tags": [],
            "timeouts": null,
            "urn": "do:droplet:503531010",
            "user_data": null,
            "vcpus": 1,
            "volume_ids": [],
            "vpc_uuid": "c84e5127-018a-4b15-bc8c-f70ce845e68d"
          },
          "sensitive_attributes": [],
          "private": "eyJlMmJmYjczMC1lY2FhLTExZTYtOGY4OC0zNDM2M2JjN2M0YzAiOnsiY3JlYXRlIjozNjAwMDAwMDAwMDAwLCJkZWxldGUiOjYwMDAwMDAwMDAwLCJ1cGRhdGUiOjM2MDAwMDAwMDAwMDB9LCJzY2hlbWFfdmVyc2lvbiI6IjEifQ==",
          "dependencies": [
            "data.digitalocean_ssh_key.default"
          ]
        }
      ]
    }
  ],
  "check_results": null
}
